
Microsoft Visual Studio Solution File, Format Version 12.00
# Visual Studio 15
VisualStudioVersion = 15.0.27130.2027
MinimumVisualStudioVersion = 10.0.40219.1
Project("{FAE04EC0-301F-11D3-BF4B-00C04F79EFBC}") = "LinqToLdap", "LinqToLdap\LinqToLdap.csproj", "{C98F3C46-5E10-4A87-AE94-5C90806D331A}"
EndProject
Project("{FAE04EC0-301F-11D3-BF4B-00C04F79EFBC}") = "LinqToLdap.Contrib", "LinqToLdap.Contrib\LinqToLdap.Contrib.csproj", "{CDE25E43-FF0D-418D-8C8E-F7BA6677D935}"
EndProject
Project("{FAE04EC0-301F-11D3-BF4B-00C04F79EFBC}") = "LinqToLdap.Tests", "LinqToLdap.Tests\LinqToLdap.Tests.csproj", "{5460FE83-9384-4CA9-B221-FAFA1D085885}"
EndProject
Project("{FAE04EC0-301F-11D3-BF4B-00C04F79EFBC}") = "LinqToLdap.Tests.ClassMapAssembly", "LinqToLdap.Tests.ClassMapAssembly\LinqToLdap.Tests.ClassMapAssembly.csproj", "{FB408ACC-BA3C-481F-B52E-D2B930344323}"
EndProject
Project("{FAE04EC0-301F-11D3-BF4B-00C04F79EFBC}") = "LinqToLdap.Tests.PopulateDirectory", "LinqToLdap.Tests.PopulateDirectory\LinqToLdap.Tests.PopulateDirectory.csproj", "{DF6420DE-F15C-4FCD-9415-7CA9B3B52B8D}"
EndProject
Global
	GlobalSection(SolutionConfigurationPlatforms) = preSolution
		Debug|Any CPU = Debug|Any CPU
		Release|Any CPU = Release|Any CPU
	EndGlobalSection
	GlobalSection(ProjectConfigurationPlatforms) = postSolution
		{C98F3C46-5E10-4A87-AE94-5C90806D331A}.Debug|Any CPU.ActiveCfg = Debug|Any CPU
		{C98F3C46-5E10-4A87-AE94-5C90806D331A}.Debug|Any CPU.Build.0 = Debug|Any CPU
		{C98F3C46-5E10-4A87-AE94-5C90806D331A}.Release|Any CPU.ActiveCfg = Release|Any CPU
		{C98F3C46-5E10-4A87-AE94-5C90806D331A}.Release|Any CPU.Build.0 = Release|Any CPU
		{CDE25E43-FF0D-418D-8C8E-F7BA6677D935}.Debug|Any CPU.ActiveCfg = Debug|Any CPU
		{CDE25E43-FF0D-418D-8C8E-F7BA6677D935}.Debug|Any CPU.Build.0 = Debug|Any CPU
		{CDE25E43-FF0D-418D-8C8E-F7BA6677D935}.Release|Any CPU.ActiveCfg = Release|Any CPU
		{CDE25E43-FF0D-418D-8C8E-F7BA6677D935}.Release|Any CPU.Build.0 = Release|Any CPU
		{5460FE83-9384-4CA9-B221-FAFA1D085885}.Debug|Any CPU.ActiveCfg = Debug|Any CPU
		{5460FE83-9384-4CA9-B221-FAFA1D085885}.Debug|Any CPU.Build.0 = Debug|Any CPU
		{5460FE83-9384-4CA9-B221-FAFA1D085885}.Release|Any CPU.ActiveCfg = Release|Any CPU
		{5460FE83-9384-4CA9-B221-FAFA1D085885}.Release|Any CPU.Build.0 = Release|Any CPU
		{FB408ACC-BA3C-481F-B52E-D2B930344323}.Debug|Any CPU.ActiveCfg = Debug|Any CPU
		{FB408ACC-BA3C-481F-B52E-D2B930344323}.Debug|Any CPU.Build.0 = Debug|Any CPU
		{FB408ACC-BA3C-481F-B52E-D2B930344323}.Release|Any CPU.ActiveCfg = Release|Any CPU
		{FB408ACC-BA3C-481F-B52E-D2B930344323}.Release|Any CPU.Build.0 = Release|Any CPU
		{DF6420DE-F15C-4FCD-9415-7CA9B3B52B8D}.Debug|Any CPU.ActiveCfg = Debug|Any CPU
		{DF6420DE-F15C-4FCD-9415-7CA9B3B52B8D}.Debug|Any CPU.Build.0 = Debug|Any CPU
		{DF6420DE-F15C-4FCD-9415-7CA9B3B52B8D}.Release|Any CPU.ActiveCfg = Release|Any CPU
		{DF6420DE-F15C-4FCD-9415-7CA9B3B52B8D}.Release|Any CPU.Build.0 = Release|Any CPU
	EndGlobalSection
	GlobalSection(SolutionProperties) = preSolution
		HideSolutionNode = FALSE
	EndGlobalSection
	GlobalSection(ExtensibilityGlobals) = postSolution
		SolutionGuid = {D48D2941-59C7-4578-A545-B0303AA70216}
	EndGlobalSection
EndGlobal
